github.com/google/uuid v1.3.0 h1:t6JiXgmwXMjEs8VusXIJk2BXHsn+wx8BZdTaoZ5fu7I=
github.com/google/uuid v1.3.0/go.mod h1:TIyPZe4MgqvfeYDBFedMoGGpEw/LqOeaOT+nhxU+yHo=
github.com/guilherme-marcello/janus v1.0.0 h1:r2gwaLmJa6PJ+/TZ6gNywPDHo3FNWcPW1WNGUo5010I=
github.com/guilherme-marcello/janus v1.0.0/go.mod h1:XmHqJEbXL94eSN9pooXvempNYOosXHUHVukhExMA2wg=
